{
  "name": "devcontainer-feature-mssql-odbc",
  "lockfileVersion": 3,
  "requires": true,
  "packages": {
    "": {
      "dependencies": {
        "@devcontainers/cli": "^0.52.0"
      }
    },
    "node_modules/@devcontainers/cli": {
      "version": "0.52.0",
      "resolved": "https://registry.npmjs.org/@devcontainers/cli/-/cli-0.52.0.tgz",
      "integrity": "sha512-F5DG8pM8NDsXpS2HoGXnjG6QtZJJ77FMRgH8Od6aiapqk9EAZkrTGAp3nAH8GBox5ZAmr2vWRsIUphbGGu1jTA==",
      "bin": {
        "devcontainer": "devcontainer.js"
      },
      "engines": {
        "node": "^16.13.0 || >=18.0.0"
      }
    }
  }
}
